// !$*UTF8*$!
{
	archiveVersion = 1;
	classes = {
	};
	objectVersion = 56;
	objects = {

/* Begin PBXBuildFile section */
		C40C54C52BE1426B00028145 /* AppDelegate.swift in Sources */ = {isa = PBXBuildFile; fileRef = C40C54C42BE1426B00028145 /* AppDelegate.swift */; };
		C40C54C72BE1426B00028145 /* SceneDelegate.swift in Sources */ = {isa = PBXBuildFile; fileRef = C40C54C62BE1426B00028145 /* SceneDelegate.swift */; };
		C40C54CE2BE1426E00028145 /* Assets.xcassets in Resources */ = {isa = PBXBuildFile; fileRef = C40C54CD2BE1426E00028145 /* Assets.xcassets */; };
		C40C54D12BE1426E00028145 /* LaunchScreen.storyboard in Resources */ = {isa = PBXBuildFile; fileRef = C40C54CF2BE1426E00028145 /* LaunchScreen.storyboard */; };
		C40C54DC2BE1447500028145 /* Tracker.swift in Sources */ = {isa = PBXBuildFile; fileRef = C40C54DB2BE1447500028145 /* Tracker.swift */; };
		C40C54DE2BE1447F00028145 /* TrackerCategory.swift in Sources */ = {isa = PBXBuildFile; fileRef = C40C54DD2BE1447F00028145 /* TrackerCategory.swift */; };
		C40C54E02BE1448B00028145 /* TrackerRecord.swift in Sources */ = {isa = PBXBuildFile; fileRef = C40C54DF2BE1448B00028145 /* TrackerRecord.swift */; };
		C40C54E32BE144BF00028145 /* CellModel.swift in Sources */ = {isa = PBXBuildFile; fileRef = C40C54E22BE144BF00028145 /* CellModel.swift */; };
		C40C54E92BE14B8B00028145 /* TabBarViewController.swift in Sources */ = {isa = PBXBuildFile; fileRef = C40C54E82BE14B8B00028145 /* TabBarViewController.swift */; };
		C40C54EF2BE14C6100028145 /* HeaderCollectionReusableView.swift in Sources */ = {isa = PBXBuildFile; fileRef = C40C54EE2BE14C6100028145 /* HeaderCollectionReusableView.swift */; };
		C40C54F12BE14C7B00028145 /* HabitCell.swift in Sources */ = {isa = PBXBuildFile; fileRef = C40C54F02BE14C7B00028145 /* HabitCell.swift */; };
		C40C54F32BE14C8500028145 /* IrregularEventCell.swift in Sources */ = {isa = PBXBuildFile; fileRef = C40C54F22BE14C8500028145 /* IrregularEventCell.swift */; };
		C40C54F52BE14C9200028145 /* TrackerViewCell.swift in Sources */ = {isa = PBXBuildFile; fileRef = C40C54F42BE14C9200028145 /* TrackerViewCell.swift */; };
		C40C54F72BE14C9B00028145 /* SwitchCell.swift in Sources */ = {isa = PBXBuildFile; fileRef = C40C54F62BE14C9B00028145 /* SwitchCell.swift */; };
		C40C54F92BE14CA600028145 /* CategoryCell.swift in Sources */ = {isa = PBXBuildFile; fileRef = C40C54F82BE14CA600028145 /* CategoryCell.swift */; };
		C40C54FB2BE14CBD00028145 /* TrackersViewController.swift in Sources */ = {isa = PBXBuildFile; fileRef = C40C54FA2BE14CBD00028145 /* TrackersViewController.swift */; };
		C40C54FD2BE14F6E00028145 /* StatisticsViewController.swift in Sources */ = {isa = PBXBuildFile; fileRef = C40C54FC2BE14F6E00028145 /* StatisticsViewController.swift */; };
		C41A40A02BE2915800971953 /* String+Extension.swift in Sources */ = {isa = PBXBuildFile; fileRef = C41A409F2BE2915800971953 /* String+Extension.swift */; };
		C4391FB62BE4E654001B5685 /* HabitViewController.swift in Sources */ = {isa = PBXBuildFile; fileRef = C4391FB52BE4E654001B5685 /* HabitViewController.swift */; };
		C4391FB82BE4E6A8001B5685 /* IrregularEvenViewController.swift in Sources */ = {isa = PBXBuildFile; fileRef = C4391FB72BE4E6A8001B5685 /* IrregularEvenViewController.swift */; };
		C4391FBA2BE4E6D3001B5685 /* CategoryViewController.swift in Sources */ = {isa = PBXBuildFile; fileRef = C4391FB92BE4E6D3001B5685 /* CategoryViewController.swift */; };
		C4391FBC2BE4E6F3001B5685 /* NewCategoryViewController.swift in Sources */ = {isa = PBXBuildFile; fileRef = C4391FBB2BE4E6F3001B5685 /* NewCategoryViewController.swift */; };
		C4391FBE2BE4E724001B5685 /* HabitOrIrregularViewController.swift in Sources */ = {isa = PBXBuildFile; fileRef = C4391FBD2BE4E724001B5685 /* HabitOrIrregularViewController.swift */; };
		C4391FC02BE4E771001B5685 /* ScheduleViewController.swift in Sources */ = {isa = PBXBuildFile; fileRef = C4391FBF2BE4E771001B5685 /* ScheduleViewController.swift */; };
		C4391FC22BE4EA89001B5685 /* UIColor+Extension.swift in Sources */ = {isa = PBXBuildFile; fileRef = C4391FC12BE4EA89001B5685 /* UIColor+Extension.swift */; };
		C4DBDDD22BEE501100714BF7 /* Model.xcdatamodeld in Sources */ = {isa = PBXBuildFile; fileRef = C4DBDDD02BEE501100714BF7 /* Model.xcdatamodeld */; };
		C4DBDDD42BEE502100714BF7 /* TrackerStore.swift in Sources */ = {isa = PBXBuildFile; fileRef = C4DBDDD32BEE502100714BF7 /* TrackerStore.swift */; };
		C4DBDDD62BEE502D00714BF7 /* TrackerCategoryStore.swift in Sources */ = {isa = PBXBuildFile; fileRef = C4DBDDD52BEE502D00714BF7 /* TrackerCategoryStore.swift */; };
		C4DBDDD82BEE503800714BF7 /* TrackerRecordStore.swift in Sources */ = {isa = PBXBuildFile; fileRef = C4DBDDD72BEE503800714BF7 /* TrackerRecordStore.swift */; };
		C4DBDDDA2BEE62FA00714BF7 /* IrregularEmojiHeader.swift in Sources */ = {isa = PBXBuildFile; fileRef = C4DBDDD92BEE62FA00714BF7 /* IrregularEmojiHeader.swift */; };
		C4DBDDDC2BEE638200714BF7 /* IrregularEmojiCell.swift in Sources */ = {isa = PBXBuildFile; fileRef = C4DBDDDB2BEE638200714BF7 /* IrregularEmojiCell.swift */; };
		C4DBDDDE2BEE63FA00714BF7 /* IrregularColorCell.swift in Sources */ = {isa = PBXBuildFile; fileRef = C4DBDDDD2BEE63FA00714BF7 /* IrregularColorCell.swift */; };
		C4DBDDE02BEE645500714BF7 /* IrregularColorHeader.swift in Sources */ = {isa = PBXBuildFile; fileRef = C4DBDDDF2BEE645500714BF7 /* IrregularColorHeader.swift */; };
/* End PBXBuildFile section */

/* Begin PBXFileReference section */
		C40C54C12BE1426B00028145 /* Tracker.app */ = {isa = PBXFileReference; explicitFileType = wrapper.application; includeInIndex = 0; path = Tracker.app; sourceTree = BUILT_PRODUCTS_DIR; };
		C40C54C42BE1426B00028145 /* AppDelegate.swift */ = {isa = PBXFileReference; lastKnownFileType = sourcecode.swift; path = AppDelegate.swift; sourceTree = "<group>"; };
		C40C54C62BE1426B00028145 /* SceneDelegate.swift */ = {isa = PBXFileReference; lastKnownFileType = sourcecode.swift; path = SceneDelegate.swift; sourceTree = "<group>"; };
		C40C54CD2BE1426E00028145 /* Assets.xcassets */ = {isa = PBXFileReference; lastKnownFileType = folder.assetcatalog; path = Assets.xcassets; sourceTree = "<group>"; };
		C40C54D02BE1426E00028145 /* Base */ = {isa = PBXFileReference; lastKnownFileType = file.storyboard; name = Base; path = Base.lproj/LaunchScreen.storyboard; sourceTree = "<group>"; };
		C40C54D22BE1426E00028145 /* Info.plist */ = {isa = PBXFileReference; lastKnownFileType = text.plist.xml; path = Info.plist; sourceTree = "<group>"; };
		C40C54DB2BE1447500028145 /* Tracker.swift */ = {isa = PBXFileReference; lastKnownFileType = sourcecode.swift; path = Tracker.swift; sourceTree = "<group>"; };
		C40C54DD2BE1447F00028145 /* TrackerCategory.swift */ = {isa = PBXFileReference; lastKnownFileType = sourcecode.swift; path = TrackerCategory.swift; sourceTree = "<group>"; };
		C40C54DF2BE1448B00028145 /* TrackerRecord.swift */ = {isa = PBXFileReference; lastKnownFileType = sourcecode.swift; path = TrackerRecord.swift; sourceTree = "<group>"; };
		C40C54E22BE144BF00028145 /* CellModel.swift */ = {isa = PBXFileReference; lastKnownFileType = sourcecode.swift; path = CellModel.swift; sourceTree = "<group>"; };
		C40C54E82BE14B8B00028145 /* TabBarViewController.swift */ = {isa = PBXFileReference; lastKnownFileType = sourcecode.swift; path = TabBarViewController.swift; sourceTree = "<group>"; };
		C40C54EE2BE14C6100028145 /* HeaderCollectionReusableView.swift */ = {isa = PBXFileReference; lastKnownFileType = sourcecode.swift; path = HeaderCollectionReusableView.swift; sourceTree = "<group>"; };
		C40C54F02BE14C7B00028145 /* HabitCell.swift */ = {isa = PBXFileReference; lastKnownFileType = sourcecode.swift; path = HabitCell.swift; sourceTree = "<group>"; };
		C40C54F22BE14C8500028145 /* IrregularEventCell.swift */ = {isa = PBXFileReference; lastKnownFileType = sourcecode.swift; path = IrregularEventCell.swift; sourceTree = "<group>"; };
		C40C54F42BE14C9200028145 /* TrackerViewCell.swift */ = {isa = PBXFileReference; lastKnownFileType = sourcecode.swift; path = TrackerViewCell.swift; sourceTree = "<group>"; };
		C40C54F62BE14C9B00028145 /* SwitchCell.swift */ = {isa = PBXFileReference; lastKnownFileType = sourcecode.swift; path = SwitchCell.swift; sourceTree = "<group>"; };
		C40C54F82BE14CA600028145 /* CategoryCell.swift */ = {isa = PBXFileReference; lastKnownFileType = sourcecode.swift; path = CategoryCell.swift; sourceTree = "<group>"; };
		C40C54FA2BE14CBD00028145 /* TrackersViewController.swift */ = {isa = PBXFileReference; lastKnownFileType = sourcecode.swift; path = TrackersViewController.swift; sourceTree = "<group>"; };
		C40C54FC2BE14F6E00028145 /* StatisticsViewController.swift */ = {isa = PBXFileReference; lastKnownFileType = sourcecode.swift; path = StatisticsViewController.swift; sourceTree = "<group>"; };
		C41A409F2BE2915800971953 /* String+Extension.swift */ = {isa = PBXFileReference; lastKnownFileType = sourcecode.swift; path = "String+Extension.swift"; sourceTree = "<group>"; };
		C4391FB52BE4E654001B5685 /* HabitViewController.swift */ = {isa = PBXFileReference; lastKnownFileType = sourcecode.swift; path = HabitViewController.swift; sourceTree = "<group>"; };
		C4391FB72BE4E6A8001B5685 /* IrregularEvenViewController.swift */ = {isa = PBXFileReference; lastKnownFileType = sourcecode.swift; path = IrregularEvenViewController.swift; sourceTree = "<group>"; };
		C4391FB92BE4E6D3001B5685 /* CategoryViewController.swift */ = {isa = PBXFileReference; lastKnownFileType = sourcecode.swift; path = CategoryViewController.swift; sourceTree = "<group>"; };
		C4391FBB2BE4E6F3001B5685 /* NewCategoryViewController.swift */ = {isa = PBXFileReference; lastKnownFileType = sourcecode.swift; path = NewCategoryViewController.swift; sourceTree = "<group>"; };
		C4391FBD2BE4E724001B5685 /* HabitOrIrregularViewController.swift */ = {isa = PBXFileReference; lastKnownFileType = sourcecode.swift; path = HabitOrIrregularViewController.swift; sourceTree = "<group>"; };
		C4391FBF2BE4E771001B5685 /* ScheduleViewController.swift */ = {isa = PBXFileReference; lastKnownFileType = sourcecode.swift; path = ScheduleViewController.swift; sourceTree = "<group>"; };
		C4391FC12BE4EA89001B5685 /* UIColor+Extension.swift */ = {isa = PBXFileReference; lastKnownFileType = sourcecode.swift; path = "UIColor+Extension.swift"; sourceTree = "<group>"; };
		C4DBDDD12BEE501100714BF7 /* Model.xcdatamodel */ = {isa = PBXFileReference; lastKnownFileType = wrapper.xcdatamodel; path = Model.xcdatamodel; sourceTree = "<group>"; };
		C4DBDDD32BEE502100714BF7 /* TrackerStore.swift */ = {isa = PBXFileReference; lastKnownFileType = sourcecode.swift; path = TrackerStore.swift; sourceTree = "<group>"; };
		C4DBDDD52BEE502D00714BF7 /* TrackerCategoryStore.swift */ = {isa = PBXFileReference; lastKnownFileType = sourcecode.swift; path = TrackerCategoryStore.swift; sourceTree = "<group>"; };
		C4DBDDD72BEE503800714BF7 /* TrackerRecordStore.swift */ = {isa = PBXFileReference; lastKnownFileType = sourcecode.swift; path = TrackerRecordStore.swift; sourceTree = "<group>"; };
		C4DBDDD92BEE62FA00714BF7 /* IrregularEmojiHeader.swift */ = {isa = PBXFileReference; lastKnownFileType = sourcecode.swift; path = IrregularEmojiHeader.swift; sourceTree = "<group>"; };
		C4DBDDDB2BEE638200714BF7 /* IrregularEmojiCell.swift */ = {isa = PBXFileReference; lastKnownFileType = sourcecode.swift; path = IrregularEmojiCell.swift; sourceTree = "<group>"; };
		C4DBDDDD2BEE63FA00714BF7 /* IrregularColorCell.swift */ = {isa = PBXFileReference; lastKnownFileType = sourcecode.swift; path = IrregularColorCell.swift; sourceTree = "<group>"; };
		C4DBDDDF2BEE645500714BF7 /* IrregularColorHeader.swift */ = {isa = PBXFileReference; lastKnownFileType = sourcecode.swift; path = IrregularColorHeader.swift; sourceTree = "<group>"; };
/* End PBXFileReference section */

/* Begin PBXFrameworksBuildPhase section */
		C40C54BE2BE1426B00028145 /* Frameworks */ = {
			isa = PBXFrameworksBuildPhase;
			buildActionMask = 2147483647;
			files = (
			);
			runOnlyForDeploymentPostprocessing = 0;
		};
/* End PBXFrameworksBuildPhase section */

/* Begin PBXGroup section */
		C40C54B82BE1426B00028145 = {
			isa = PBXGroup;
			children = (
				C40C54C32BE1426B00028145 /* Tracker */,
				C40C54C22BE1426B00028145 /* Products */,
			);
			sourceTree = "<group>";
		};
		C40C54C22BE1426B00028145 /* Products */ = {
			isa = PBXGroup;
			children = (
				C40C54C12BE1426B00028145 /* Tracker.app */,
			);
			name = Products;
			sourceTree = "<group>";
		};
		C40C54C32BE1426B00028145 /* Tracker */ = {
			isa = PBXGroup;
			children = (
				C4DBDDCD2BEE4F4600714BF7 /* Data */,
				C40C54E72BE144FD00028145 /* Extensions */,
				C40C54D82BE142E100028145 /* Common */,
				C40C54D92BE142E800028145 /* View */,
				C40C54DA2BE142F100028145 /* Models */,
				C40C54E12BE1449500028145 /* Cell */,
			);
			path = Tracker;
			sourceTree = "<group>";
		};
		C40C54D82BE142E100028145 /* Common */ = {
			isa = PBXGroup;
			children = (
				C40C54CF2BE1426E00028145 /* LaunchScreen.storyboard */,
				C40C54D22BE1426E00028145 /* Info.plist */,
				C40C54C42BE1426B00028145 /* AppDelegate.swift */,
				C40C54C62BE1426B00028145 /* SceneDelegate.swift */,
				C40C54CD2BE1426E00028145 /* Assets.xcassets */,
			);
			path = Common;
			sourceTree = "<group>";
		};
		C40C54D92BE142E800028145 /* View */ = {
			isa = PBXGroup;
			children = (
				C40C54ED2BE14C4E00028145 /* Category */,
				C40C54EC2BE14C3A00028145 /* Statistics */,
				C40C54EB2BE14C3300028145 /* Schedule */,
				C40C54EA2BE14C2E00028145 /* Tracker */,
				C40C54E62BE144D500028145 /* Irregular */,
				C40C54E52BE144D200028145 /* TabBar */,
				C40C54E42BE144C900028145 /* Habit */,
				C40C54EE2BE14C6100028145 /* HeaderCollectionReusableView.swift */,
				C4391FBD2BE4E724001B5685 /* HabitOrIrregularViewController.swift */,
			);
			path = View;
			sourceTree = "<group>";
		};
		C40C54DA2BE142F100028145 /* Models */ = {
			isa = PBXGroup;
			children = (
				C40C54DB2BE1447500028145 /* Tracker.swift */,
				C40C54DD2BE1447F00028145 /* TrackerCategory.swift */,
				C40C54DF2BE1448B00028145 /* TrackerRecord.swift */,
				C40C54E22BE144BF00028145 /* CellModel.swift */,
			);
			path = Models;
			sourceTree = "<group>";
		};
		C40C54E12BE1449500028145 /* Cell */ = {
			isa = PBXGroup;
			children = (
				C4DBDDDD2BEE63FA00714BF7 /* IrregularColorCell.swift */,
				C40C54F02BE14C7B00028145 /* HabitCell.swift */,
				C40C54F22BE14C8500028145 /* IrregularEventCell.swift */,
				C40C54F42BE14C9200028145 /* TrackerViewCell.swift */,
				C40C54F62BE14C9B00028145 /* SwitchCell.swift */,
				C40C54F82BE14CA600028145 /* CategoryCell.swift */,
				C4DBDDDB2BEE638200714BF7 /* IrregularEmojiCell.swift */,
			);
			path = Cell;
			sourceTree = "<group>";
		};
		C40C54E42BE144C900028145 /* Habit */ = {
			isa = PBXGroup;
			children = (
				C4391FB52BE4E654001B5685 /* HabitViewController.swift */,
			);
			path = Habit;
			sourceTree = "<group>";
		};
		C40C54E52BE144D200028145 /* TabBar */ = {
			isa = PBXGroup;
			children = (
				C40C54E82BE14B8B00028145 /* TabBarViewController.swift */,
			);
			path = TabBar;
			sourceTree = "<group>";
		};
		C40C54E62BE144D500028145 /* Irregular */ = {
			isa = PBXGroup;
			children = (
				C4391FB72BE4E6A8001B5685 /* IrregularEvenViewController.swift */,
				C4DBDDD92BEE62FA00714BF7 /* IrregularEmojiHeader.swift */,
				C4DBDDDF2BEE645500714BF7 /* IrregularColorHeader.swift */,
			);
			path = Irregular;
			sourceTree = "<group>";
		};
		C40C54E72BE144FD00028145 /* Extensions */ = {
			isa = PBXGroup;
			children = (
				C41A409F2BE2915800971953 /* String+Extension.swift */,
				C4391FC12BE4EA89001B5685 /* UIColor+Extension.swift */,
			);
			path = Extensions;
			sourceTree = "<group>";
		};
		C40C54EA2BE14C2E00028145 /* Tracker */ = {
			isa = PBXGroup;
			children = (
				C40C54FA2BE14CBD00028145 /* TrackersViewController.swift */,
			);
			path = Tracker;
			sourceTree = "<group>";
		};
		C40C54EB2BE14C3300028145 /* Schedule */ = {
			isa = PBXGroup;
			children = (
				C4391FBF2BE4E771001B5685 /* ScheduleViewController.swift */,
			);
			path = Schedule;
			sourceTree = "<group>";
		};
		C40C54EC2BE14C3A00028145 /* Statistics */ = {
			isa = PBXGroup;
			children = (
				C40C54FC2BE14F6E00028145 /* StatisticsViewController.swift */,
			);
			path = Statistics;
			sourceTree = "<group>";
		};
		C40C54ED2BE14C4E00028145 /* Category */ = {
			isa = PBXGroup;
			children = (
				C4391FB92BE4E6D3001B5685 /* CategoryViewController.swift */,
				C4391FBB2BE4E6F3001B5685 /* NewCategoryViewController.swift */,
			);
			path = Category;
			sourceTree = "<group>";
		};
		C4DBDDCD2BEE4F4600714BF7 /* Data */ = {
			isa = PBXGroup;
			children = (
				C4DBDDCF2BEE4FF000714BF7 /* Model */,
				C4DBDDCE2BEE4FEC00714BF7 /* DataStore */,
			);
			path = Data;
			sourceTree = "<group>";
		};
		C4DBDDCE2BEE4FEC00714BF7 /* DataStore */ = {
			isa = PBXGroup;
			children = (
				C4DBDDD32BEE502100714BF7 /* TrackerStore.swift */,
				C4DBDDD52BEE502D00714BF7 /* TrackerCategoryStore.swift */,
				C4DBDDD72BEE503800714BF7 /* TrackerRecordStore.swift */,
			);
			path = DataStore;
			sourceTree = "<group>";
		};
		C4DBDDCF2BEE4FF000714BF7 /* Model */ = {
			isa = PBXGroup;
			children = (
				C4DBDDD02BEE501100714BF7 /* Model.xcdatamodeld */,
			);
			path = Model;
			sourceTree = "<group>";
		};
/* End PBXGroup section */

/* Begin PBXNativeTarget section */
		C40C54C02BE1426B00028145 /* Tracker */ = {
			isa = PBXNativeTarget;
			buildConfigurationList = C40C54D52BE1426E00028145 /* Build configuration list for PBXNativeTarget "Tracker" */;
			buildPhases = (
				C40C54BD2BE1426B00028145 /* Sources */,
				C40C54BE2BE1426B00028145 /* Frameworks */,
				C40C54BF2BE1426B00028145 /* Resources */,
			);
			buildRules = (
			);
			dependencies = (
			);
			name = Tracker;
			productName = Tracker;
			productReference = C40C54C12BE1426B00028145 /* Tracker.app */;
			productType = "com.apple.product-type.application";
		};
/* End PBXNativeTarget section */

/* Begin PBXProject section */
		C40C54B92BE1426B00028145 /* Project object */ = {
			isa = PBXProject;
			attributes = {
				BuildIndependentTargetsInParallel = 1;
				LastSwiftUpdateCheck = 1500;
				LastUpgradeCheck = 1500;
				TargetAttributes = {
					C40C54C02BE1426B00028145 = {
						CreatedOnToolsVersion = 15.0;
					};
				};
			};
			buildConfigurationList = C40C54BC2BE1426B00028145 /* Build configuration list for PBXProject "Tracker" */;
			compatibilityVersion = "Xcode 14.0";
			developmentRegion = en;
			hasScannedForEncodings = 0;
			knownRegions = (
				en,
				Base,
			);
			mainGroup = C40C54B82BE1426B00028145;
			productRefGroup = C40C54C22BE1426B00028145 /* Products */;
			projectDirPath = "";
			projectRoot = "";
			targets = (
				C40C54C02BE1426B00028145 /* Tracker */,
			);
		};
/* End PBXProject section */

/* Begin PBXResourcesBuildPhase section */
		C40C54BF2BE1426B00028145 /* Resources */ = {
			isa = PBXResourcesBuildPhase;
			buildActionMask = 2147483647;
			files = (
				C40C54D12BE1426E00028145 /* LaunchScreen.storyboard in Resources */,
				C40C54CE2BE1426E00028145 /* Assets.xcassets in Resources */,
			);
			runOnlyForDeploymentPostprocessing = 0;
		};
/* End PBXResourcesBuildPhase section */

/* Begin PBXSourcesBuildPhase section */
		C40C54BD2BE1426B00028145 /* Sources */ = {
			isa = PBXSourcesBuildPhase;
			buildActionMask = 2147483647;
			files = (
				C41A40A02BE2915800971953 /* String+Extension.swift in Sources */,
				C4391FB62BE4E654001B5685 /* HabitViewController.swift in Sources */,
				C40C54F92BE14CA600028145 /* CategoryCell.swift in Sources */,
				C4391FBA2BE4E6D3001B5685 /* CategoryViewController.swift in Sources */,
				C40C54EF2BE14C6100028145 /* HeaderCollectionReusableView.swift in Sources */,
				C4391FB82BE4E6A8001B5685 /* IrregularEvenViewController.swift in Sources */,
				C40C54F52BE14C9200028145 /* TrackerViewCell.swift in Sources */,
				C40C54E92BE14B8B00028145 /* TabBarViewController.swift in Sources */,
				C40C54DC2BE1447500028145 /* Tracker.swift in Sources */,
				C4391FC02BE4E771001B5685 /* ScheduleViewController.swift in Sources */,
				C4DBDDE02BEE645500714BF7 /* IrregularColorHeader.swift in Sources */,
				C4DBDDDA2BEE62FA00714BF7 /* IrregularEmojiHeader.swift in Sources */,
				C40C54C52BE1426B00028145 /* AppDelegate.swift in Sources */,
				C40C54FD2BE14F6E00028145 /* StatisticsViewController.swift in Sources */,
				C40C54F72BE14C9B00028145 /* SwitchCell.swift in Sources */,
				C4DBDDD62BEE502D00714BF7 /* TrackerCategoryStore.swift in Sources */,
				C40C54C72BE1426B00028145 /* SceneDelegate.swift in Sources */,
				C40C54E32BE144BF00028145 /* CellModel.swift in Sources */,
				C4DBDDDE2BEE63FA00714BF7 /* IrregularColorCell.swift in Sources */,
				C40C54FB2BE14CBD00028145 /* TrackersViewController.swift in Sources */,
				C40C54DE2BE1447F00028145 /* TrackerCategory.swift in Sources */,
				C4391FC22BE4EA89001B5685 /* UIColor+Extension.swift in Sources */,
				C40C54E02BE1448B00028145 /* TrackerRecord.swift in Sources */,
				C4391FBE2BE4E724001B5685 /* HabitOrIrregularViewController.swift in Sources */,
				C4391FBC2BE4E6F3001B5685 /* NewCategoryViewController.swift in Sources */,
				C4DBDDDC2BEE638200714BF7 /* IrregularEmojiCell.swift in Sources */,
				C4DBDDD82BEE503800714BF7 /* TrackerRecordStore.swift in Sources */,
				C4DBDDD22BEE501100714BF7 /* Model.xcdatamodeld in Sources */,
				C40C54F32BE14C8500028145 /* IrregularEventCell.swift in Sources */,
				C4DBDDD42BEE502100714BF7 /* TrackerStore.swift in Sources */,
				C40C54F12BE14C7B00028145 /* HabitCell.swift in Sources */,
			);
			runOnlyForDeploymentPostprocessing = 0;
		};
/* End PBXSourcesBuildPhase section */

/* Begin PBXVariantGroup section */
		C40C54CF2BE1426E00028145 /* LaunchScreen.storyboard */ = {
			isa = PBXVariantGroup;
			children = (
				C40C54D02BE1426E00028145 /* Base */,
			);
			name = LaunchScreen.storyboard;
			sourceTree = "<group>";
		};
/* End PBXVariantGroup section */

/* Begin XCBuildConfiguration section */
		C40C54D32BE1426E00028145 /* Debug */ = {
			isa = XCBuildConfiguration;
			buildSettings = {
				ALWAYS_SEARCH_USER_PATHS = NO;
				ASSETCATALOG_COMPILER_GENERATE_SWIFT_ASSET_SYMBOL_EXTENSIONS = YES;
				CLANG_ANALYZER_NONNULL = YES;
				CLANG_ANALYZER_NUMBER_OBJECT_CONVERSION = YES_AGGRESSIVE;
				CLANG_CXX_LANGUAGE_STANDARD = "gnu++20";
				CLANG_ENABLE_MODULES = YES;
				CLANG_ENABLE_OBJC_ARC = YES;
				CLANG_ENABLE_OBJC_WEAK = YES;
				CLANG_WARN_BLOCK_CAPTURE_AUTORELEASING = YES;
				CLANG_WARN_BOOL_CONVERSION = YES;
				CLANG_WARN_COMMA = YES;
				CLANG_WARN_CONSTANT_CONVERSION = YES;
				CLANG_WARN_DEPRECATED_OBJC_IMPLEMENTATIONS = YES;
				CLANG_WARN_DIRECT_OBJC_ISA_USAGE = YES_ERROR;
				CLANG_WARN_DOCUMENTATION_COMMENTS = YES;
				CLANG_WARN_EMPTY_BODY = YES;
				CLANG_WARN_ENUM_CONVERSION = YES;
				CLANG_WARN_INFINITE_RECURSION = YES;
				CLANG_WARN_INT_CONVERSION = YES;
				CLANG_WARN_NON_LITERAL_NULL_CONVERSION = YES;
				CLANG_WARN_OBJC_IMPLICIT_RETAIN_SELF = YES;
				CLANG_WARN_OBJC_LITERAL_CONVERSION = YES;
				CLANG_WARN_OBJC_ROOT_CLASS = YES_ERROR;
				CLANG_WARN_QUOTED_INCLUDE_IN_FRAMEWORK_HEADER = YES;
				CLANG_WARN_RANGE_LOOP_ANALYSIS = YES;
				CLANG_WARN_STRICT_PROTOTYPES = YES;
				CLANG_WARN_SUSPICIOUS_MOVE = YES;
				CLANG_WARN_UNGUARDED_AVAILABILITY = YES_AGGRESSIVE;
				CLANG_WARN_UNREACHABLE_CODE = YES;
				CLANG_WARN__DUPLICATE_METHOD_MATCH = YES;
				COPY_PHASE_STRIP = NO;
				DEBUG_INFORMATION_FORMAT = dwarf;
				ENABLE_STRICT_OBJC_MSGSEND = YES;
				ENABLE_TESTABILITY = YES;
				ENABLE_USER_SCRIPT_SANDBOXING = YES;
				GCC_C_LANGUAGE_STANDARD = gnu17;
				GCC_DYNAMIC_NO_PIC = NO;
				GCC_NO_COMMON_BLOCKS = YES;
				GCC_OPTIMIZATION_LEVEL = 0;
				GCC_PREPROCESSOR_DEFINITIONS = (
					"DEBUG=1",
					"$(inherited)",
				);
				GCC_WARN_64_TO_32_BIT_CONVERSION = YES;
				GCC_WARN_ABOUT_RETURN_TYPE = YES_ERROR;
				GCC_WARN_UNDECLARED_SELECTOR = YES;
				GCC_WARN_UNINITIALIZED_AUTOS = YES_AGGRESSIVE;
				GCC_WARN_UNUSED_FUNCTION = YES;
				GCC_WARN_UNUSED_VARIABLE = YES;
				IPHONEOS_DEPLOYMENT_TARGET = 17.0;
				LOCALIZATION_PREFERS_STRING_CATALOGS = YES;
				MTL_ENABLE_DEBUG_INFO = INCLUDE_SOURCE;
				MTL_FAST_MATH = YES;
				ONLY_ACTIVE_ARCH = YES;
				SDKROOT = iphoneos;
				SWIFT_ACTIVE_COMPILATION_CONDITIONS = "DEBUG $(inherited)";
				SWIFT_OPTIMIZATION_LEVEL = "-Onone";
			};
			name = Debug;
		};
		C40C54D42BE1426E00028145 /* Release */ = {
			isa = XCBuildConfiguration;
			buildSettings = {
				ALWAYS_SEARCH_USER_PATHS = NO;
				ASSETCATALOG_COMPILER_GENERATE_SWIFT_ASSET_SYMBOL_EXTENSIONS = YES;
				CLANG_ANALYZER_NONNULL = YES;
				CLANG_ANALYZER_NUMBER_OBJECT_CONVERSION = YES_AGGRESSIVE;
				CLANG_CXX_LANGUAGE_STANDARD = "gnu++20";
				CLANG_ENABLE_MODULES = YES;
				CLANG_ENABLE_OBJC_ARC = YES;
				CLANG_ENABLE_OBJC_WEAK = YES;
				CLANG_WARN_BLOCK_CAPTURE_AUTORELEASING = YES;
				CLANG_WARN_BOOL_CONVERSION = YES;
				CLANG_WARN_COMMA = YES;
				CLANG_WARN_CONSTANT_CONVERSION = YES;
				CLANG_WARN_DEPRECATED_OBJC_IMPLEMENTATIONS = YES;
				CLANG_WARN_DIRECT_OBJC_ISA_USAGE = YES_ERROR;
				CLANG_WARN_DOCUMENTATION_COMMENTS = YES;
				CLANG_WARN_EMPTY_BODY = YES;
				CLANG_WARN_ENUM_CONVERSION = YES;
				CLANG_WARN_INFINITE_RECURSION = YES;
				CLANG_WARN_INT_CONVERSION = YES;
				CLANG_WARN_NON_LITERAL_NULL_CONVERSION = YES;
				CLANG_WARN_OBJC_IMPLICIT_RETAIN_SELF = YES;
				CLANG_WARN_OBJC_LITERAL_CONVERSION = YES;
				CLANG_WARN_OBJC_ROOT_CLASS = YES_ERROR;
				CLANG_WARN_QUOTED_INCLUDE_IN_FRAMEWORK_HEADER = YES;
				CLANG_WARN_RANGE_LOOP_ANALYSIS = YES;
				CLANG_WARN_STRICT_PROTOTYPES = YES;
				CLANG_WARN_SUSPICIOUS_MOVE = YES;
				CLANG_WARN_UNGUARDED_AVAILABILITY = YES_AGGRESSIVE;
				CLANG_WARN_UNREACHABLE_CODE = YES;
				CLANG_WARN__DUPLICATE_METHOD_MATCH = YES;
				COPY_PHASE_STRIP = NO;
				DEBUG_INFORMATION_FORMAT = "dwarf-with-dsym";
				ENABLE_NS_ASSERTIONS = NO;
				ENABLE_STRICT_OBJC_MSGSEND = YES;
				ENABLE_USER_SCRIPT_SANDBOXING = YES;
				GCC_C_LANGUAGE_STANDARD = gnu17;
				GCC_NO_COMMON_BLOCKS = YES;
				GCC_WARN_64_TO_32_BIT_CONVERSION = YES;
				GCC_WARN_ABOUT_RETURN_TYPE = YES_ERROR;
				GCC_WARN_UNDECLARED_SELECTOR = YES;
				GCC_WARN_UNINITIALIZED_AUTOS = YES_AGGRESSIVE;
				GCC_WARN_UNUSED_FUNCTION = YES;
				GCC_WARN_UNUSED_VARIABLE = YES;
				IPHONEOS_DEPLOYMENT_TARGET = 17.0;
				LOCALIZATION_PREFERS_STRING_CATALOGS = YES;
				MTL_ENABLE_DEBUG_INFO = NO;
				MTL_FAST_MATH = YES;
				SDKROOT = iphoneos;
				SWIFT_COMPILATION_MODE = wholemodule;
				VALIDATE_PRODUCT = YES;
			};
			name = Release;
		};
		C40C54D62BE1426E00028145 /* Debug */ = {
			isa = XCBuildConfiguration;
			buildSettings = {
				ASSETCATALOG_COMPILER_APPICON_NAME = AppIcon;
				ASSETCATALOG_COMPILER_GLOBAL_ACCENT_COLOR_NAME = AccentColor;
				CODE_SIGN_STYLE = Automatic;
				CURRENT_PROJECT_VERSION = 1;
				DEVELOPMENT_TEAM = Z8Z6N5YK7S;
				GENERATE_INFOPLIST_FILE = YES;
				INFOPLIST_FILE = Tracker/Common/Info.plist;
				INFOPLIST_KEY_UIApplicationSupportsIndirectInputEvents = YES;
				INFOPLIST_KEY_UILaunchStoryboardName = LaunchScreen;
				INFOPLIST_KEY_UISupportedInterfaceOrientations_iPad = "UIInterfaceOrientationPortrait UIInterfaceOrientationPortraitUpsideDown UIInterfaceOrientationLandscapeLeft UIInterfaceOrientationLandscapeRight";
				INFOPLIST_KEY_UISupportedInterfaceOrientations_iPhone = "UIInterfaceOrientationPortrait UIInterfaceOrientationLandscapeLeft UIInterfaceOrientationLandscapeRight";
				IPHONEOS_DEPLOYMENT_TARGET = 13.4;
				LD_RUNPATH_SEARCH_PATHS = (
					"$(inherited)",
					"@executable_path/Frameworks",
				);
				MARKETING_VERSION = 1.0;
				PRODUCT_BUNDLE_IDENTIFIER = ru.Xiered.Tracker;
				PRODUCT_NAME = "$(TARGET_NAME)";
				SWIFT_EMIT_LOC_STRINGS = YES;
				SWIFT_VERSION = 5.0;
				TARGETED_DEVICE_FAMILY = 1;
			};
			name = Debug;
		};
		C40C54D72BE1426E00028145 /* Release */ = {
			isa = XCBuildConfiguration;
			buildSettings = {
				ASSETCATALOG_COMPILER_APPICON_NAME = AppIcon;
				ASSETCATALOG_COMPILER_GLOBAL_ACCENT_COLOR_NAME = AccentColor;
				CODE_SIGN_STYLE = Automatic;
				CURRENT_PROJECT_VERSION = 1;
				DEVELOPMENT_TEAM = Z8Z6N5YK7S;
				GENERATE_INFOPLIST_FILE = YES;
				INFOPLIST_FILE = Tracker/Common/Info.plist;
				INFOPLIST_KEY_UIApplicationSupportsIndirectInputEvents = YES;
				INFOPLIST_KEY_UILaunchStoryboardName = LaunchScreen;
				INFOPLIST_KEY_UISupportedInterfaceOrientations_iPad = "UIInterfaceOrientationPortrait UIInterfaceOrientationPortraitUpsideDown UIInterfaceOrientationLandscapeLeft UIInterfaceOrientationLandscapeRight";
				INFOPLIST_KEY_UISupportedInterfaceOrientations_iPhone = "UIInterfaceOrientationPortrait UIInterfaceOrientationLandscapeLeft UIInterfaceOrientationLandscapeRight";
				IPHONEOS_DEPLOYMENT_TARGET = 13.4;
				LD_RUNPATH_SEARCH_PATHS = (
					"$(inherited)",
					"@executable_path/Frameworks",
				);
				MARKETING_VERSION = 1.0;
				PRODUCT_BUNDLE_IDENTIFIER = ru.Xiered.Tracker;
				PRODUCT_NAME = "$(TARGET_NAME)";
				SWIFT_EMIT_LOC_STRINGS = YES;
				SWIFT_VERSION = 5.0;
				TARGETED_DEVICE_FAMILY = 1;
			};
			name = Release;
		};
/* End XCBuildConfiguration section */

/* Begin XCConfigurationList section */
		C40C54BC2BE1426B00028145 /* Build configuration list for PBXProject "Tracker" */ = {
			isa = XCConfigurationList;
			buildConfigurations = (
				C40C54D32BE1426E00028145 /* Debug */,
				C40C54D42BE1426E00028145 /* Release */,
			);
			defaultConfigurationIsVisible = 0;
			defaultConfigurationName = Release;
		};
		C40C54D52BE1426E00028145 /* Build configuration list for PBXNativeTarget "Tracker" */ = {
			isa = XCConfigurationList;
			buildConfigurations = (
				C40C54D62BE1426E00028145 /* Debug */,
				C40C54D72BE1426E00028145 /* Release */,
			);
			defaultConfigurationIsVisible = 0;
			defaultConfigurationName = Release;
		};
/* End XCConfigurationList section */

/* Begin XCVersionGroup section */
		C4DBDDD02BEE501100714BF7 /* Model.xcdatamodeld */ = {
			isa = XCVersionGroup;
			children = (
				C4DBDDD12BEE501100714BF7 /* Model.xcdatamodel */,
			);
			currentVersion = C4DBDDD12BEE501100714BF7 /* Model.xcdatamodel */;
			path = Model.xcdatamodeld;
			sourceTree = "<group>";
			versionGroupType = wrapper.xcdatamodel;
		};
/* End XCVersionGroup section */
	};
	rootObject = C40C54B92BE1426B00028145 /* Project object */;
}
